Microsoft Visual Studio Solution File, Format Version 12.00
# Visual Studio Version 17
VisualStudioVersion = 17.14.36429.23
MinimumVisualStudioVersion = 10.0.40219.1
Project("{2150E333-8FDC-42A3-9474-1A3956D46DE8}") = "Solution Folder", "Solution Folder", "{02EA681E-C7D8-13C7-8484-4AC65E1B71E8}"
	ProjectSection(SolutionItems) = preProject
		.editorconfig = .editorconfig
		README.md = README.md
	EndProjectSection
EndProject
Project("{FAE04EC0-301F-11D3-BF4B-00C04F79EFBC}") = "Lights.Common", "Lights.Common\Lights.Common.csproj", "{89912997-4725-EF8C-274E-F0739459D0D4}"
EndProject
Project("{FAE04EC0-301F-11D3-BF4B-00C04F79EFBC}") = "Lights.MauiClient", "Lights.MauiClient\Lights.MauiClient.csproj", "{92C0FC5D-882A-23B8-7483-3A4E3F3F1A1C}"
EndProject
Project("{FAE04EC0-301F-11D3-BF4B-00C04F79EFBC}") = "Lights.McpServer", "Lights.McpServer\Lights.McpServer.csproj", "{6CAC7BFD-8795-91D2-3938-CF63B2BA5B4C}"
EndProject
Project("{FAE04EC0-301F-11D3-BF4B-00C04F79EFBC}") = "Lights.RestApi", "Lights.RestApi\Lights.RestApi.csproj", "{A16FDA21-4E8D-30D6-1C15-EFBAB3CD0A77}"
EndProject
Project("{FAE04EC0-301F-11D3-BF4B-00C04F79EFBC}") = "Lights.WpfHouse", "Lights.WPFHouse\Lights.WpfHouse.csproj", "{52B7CA9A-5964-A257-F77B-C4FCE6F11664}"
EndProject
Global
	GlobalSection(SolutionConfigurationPlatforms) = preSolution
		Debug|Any CPU = Debug|Any CPU
		Release|Any CPU = Release|Any CPU
	EndGlobalSection
	GlobalSection(ProjectConfigurationPlatforms) = postSolution
		{89912997-4725-EF8C-274E-F0739459D0D4}.Debug|Any CPU.ActiveCfg = Debug|Any CPU
		{89912997-4725-EF8C-274E-F0739459D0D4}.Debug|Any CPU.Build.0 = Debug|Any CPU
		{89912997-4725-EF8C-274E-F0739459D0D4}.Release|Any CPU.ActiveCfg = Release|Any CPU
		{89912997-4725-EF8C-274E-F0739459D0D4}.Release|Any CPU.Build.0 = Release|Any CPU
		{92C0FC5D-882A-23B8-7483-3A4E3F3F1A1C}.Debug|Any CPU.ActiveCfg = Debug|Any CPU
		{92C0FC5D-882A-23B8-7483-3A4E3F3F1A1C}.Debug|Any CPU.Build.0 = Debug|Any CPU
		{92C0FC5D-882A-23B8-7483-3A4E3F3F1A1C}.Debug|Any CPU.Deploy.0 = Debug|Any CPU
		{92C0FC5D-882A-23B8-7483-3A4E3F3F1A1C}.Release|Any CPU.ActiveCfg = Release|Any CPU
		{92C0FC5D-882A-23B8-7483-3A4E3F3F1A1C}.Release|Any CPU.Build.0 = Release|Any CPU
		{6CAC7BFD-8795-91D2-3938-CF63B2BA5B4C}.Debug|Any CPU.ActiveCfg = Debug|Any CPU
		{6CAC7BFD-8795-91D2-3938-CF63B2BA5B4C}.Debug|Any CPU.Build.0 = Debug|Any CPU
		{6CAC7BFD-8795-91D2-3938-CF63B2BA5B4C}.Release|Any CPU.ActiveCfg = Release|Any CPU
		{6CAC7BFD-8795-91D2-3938-CF63B2BA5B4C}.Release|Any CPU.Build.0 = Release|Any CPU
		{A16FDA21-4E8D-30D6-1C15-EFBAB3CD0A77}.Debug|Any CPU.ActiveCfg = Debug|Any CPU
		{A16FDA21-4E8D-30D6-1C15-EFBAB3CD0A77}.Debug|Any CPU.Build.0 = Debug|Any CPU
		{A16FDA21-4E8D-30D6-1C15-EFBAB3CD0A77}.Release|Any CPU.ActiveCfg = Release|Any CPU
		{A16FDA21-4E8D-30D6-1C15-EFBAB3CD0A77}.Release|Any CPU.Build.0 = Release|Any CPU
		{52B7CA9A-5964-A257-F77B-C4FCE6F11664}.Debug|Any CPU.ActiveCfg = Debug|Any CPU
		{52B7CA9A-5964-A257-F77B-C4FCE6F11664}.Debug|Any CPU.Build.0 = Debug|Any CPU
		{52B7CA9A-5964-A257-F77B-C4FCE6F11664}.Release|Any CPU.ActiveCfg = Release|Any CPU
		{52B7CA9A-5964-A257-F77B-C4FCE6F11664}.Release|Any CPU.Build.0 = Release|Any CPU
	EndGlobalSection
	GlobalSection(SolutionProperties) = preSolution
		HideSolutionNode = FALSE
	EndGlobalSection
	GlobalSection(ExtensibilityGlobals) = postSolution
		SolutionGuid = {B5638771-5F5E-4831-8C85-703A92760525}
	EndGlobalSection
EndGlobal
