<Solution>
  <Folder Name="/Solution Folder/">
    <File Path=".editorconfig" />
    <File Path="README.md" />
  </Folder>
  <Project Path="Lights.Common/Lights.Common.csproj" />
  <Project Path="Lights.MauiClient/Lights.MauiClient.csproj">
    <Deploy Solution="Debug|*" />
  </Project>
  <Project Path="Lights.McpServer/Lights.McpServer.csproj" />
  <Project Path="Lights.RestApi/Lights.RestApi.csproj" />
  <Project Path="Lights.WPFHouse/Lights.WpfHouse.csproj" />
</Solution>
